
Microsoft Visual Studio Solution File, Format Version 12.00
# Visual Studio Version 16
VisualStudioVersion = 16.0.30517.126
MinimumVisualStudioVersion = 10.0.40219.1
Project("{FAE04EC0-301F-11D3-BF4B-00C04F79EFBC}") = "EmployeePayrollUsingThreads", "EmployeePayrollUsingThreads\EmployeePayrollUsingThreads.csproj", "{2B98364E-8664-45F1-97D7-B096F25D0D94}"
EndProject
Project("{FAE04EC0-301F-11D3-BF4B-00C04F79EFBC}") = "UnitTestProject1", "UnitTestProject1\UnitTestProject1.csproj", "{526922CA-0634-42BF-ABE9-47ABC3A365F4}"
EndProject
Global
	GlobalSection(SolutionConfigurationPlatforms) = preSolution
		Debug|Any CPU = Debug|Any CPU
		Release|Any CPU = Release|Any CPU
	EndGlobalSection
	GlobalSection(ProjectConfigurationPlatforms) = postSolution
		{2B98364E-8664-45F1-97D7-B096F25D0D94}.Debug|Any CPU.ActiveCfg = Debug|Any CPU
		{2B98364E-8664-45F1-97D7-B096F25D0D94}.Debug|Any CPU.Build.0 = Debug|Any CPU
		{2B98364E-8664-45F1-97D7-B096F25D0D94}.Release|Any CPU.ActiveCfg = Release|Any CPU
		{2B98364E-8664-45F1-97D7-B096F25D0D94}.Release|Any CPU.Build.0 = Release|Any CPU
		{526922CA-0634-42BF-ABE9-47ABC3A365F4}.Debug|Any CPU.ActiveCfg = Debug|Any CPU
		{526922CA-0634-42BF-ABE9-47ABC3A365F4}.Debug|Any CPU.Build.0 = Debug|Any CPU
		{526922CA-0634-42BF-ABE9-47ABC3A365F4}.Release|Any CPU.ActiveCfg = Release|Any CPU
		{526922CA-0634-42BF-ABE9-47ABC3A365F4}.Release|Any CPU.Build.0 = Release|Any CPU
	EndGlobalSection
	GlobalSection(SolutionProperties) = preSolution
		HideSolutionNode = FALSE
	EndGlobalSection
	GlobalSection(ExtensibilityGlobals) = postSolution
		SolutionGuid = {C9AACE54-580F-4FA0-8910-850BE95E1F65}
	EndGlobalSection
EndGlobal
